# This file is generated by running "yarn install" inside your project.
# Manual changes might be lost - proceed with caution!

__metadata:
  version: 10
  cacheKey: 10c0

"@companion-module/base@npm:^2.1.3":
  version: 2.1.3
  resolution: "@companion-module/base@npm:2.1.3"
  dependencies:
    colord: "npm:^2.9.3"
  checksum: 10c0/182e7deec2dfa6cbd84c3fc73891e83915d1649ed8478fcaeb5051184b3fa21329fcfee2655222543d3419047ee45b7d2f48ab8975d55765537023246a7b233b
  languageName: node
  linkType: hard

"@companion-module/tools@npm:^3.1.0":
  version: 3.1.0
  resolution: "@companion-module/tools@npm:3.1.0"
  dependencies:
    "@eslint/js": "npm:^10.0.1"
    esbuild: "npm:^0.28.1"
    eslint-config-prettier: "npm:^10.1.8"
    eslint-plugin-n: "npm:^18.1.0"
    eslint-plugin-prettier: "npm:^5.5.6"
    find-up: "npm:^8.0.0"
    semver: "npm:^7.8.4"
    spdx-expression-parse: "npm:^5.0.0"
    tar: "npm:^7.5.21"
    zx: "npm:^8.8.5"
  peerDependencies:
    "@companion-module/base": ^2.0.0
    "@companion-surface/base": ^1.0.0
    eslint: ^9.39.3 || ^10.2.0
    prettier: ^3.8.1
    typescript-eslint: ^8.56.1
  peerDependenciesMeta:
    "@companion-module/base":
      optional: true
    "@companion-surface/base":
      optional: true
    eslint:
      optional: true
    prettier:
      optional: true
    typescript-eslint:
      optional: true
  bin:
    companion-module-build: ./dist/scripts/build-connection.js
    companion-module-check: ./dist/scripts/check-connection.js
    companion-surface-build: ./dist/scripts/build-surface.js
    companion-surface-check: ./dist/scripts/check-surface.js
  checksum: 10c0/a8c4236b3814916e76189c888bdf54e84e1e1e451fd1ed275fb6a7e1e0449e63b92bb41285cac60e4a4c981c184a912628ce078a8111ba95551d6d3ca2450776
  languageName: node
  linkType: hard

"@esbuild/aix-ppc64@npm:0.28.2":
  version: 0.28.2
  resolution: "@esbuild/aix-ppc64@npm:0.28.2"
  conditions: os=aix & cpu=ppc64
  languageName: node
  linkType: hard

"@esbuild/android-arm64@npm:0.28.2":
  version: 0.28.2
  resolution: "@esbuild/android-arm64@npm:0.28.2"
  conditions: os=android & cpu=arm64
  languageName: node
  linkType: hard

"@esbuild/android-arm@npm:0.28.2":
  version: 0.28.2
  resolution: "@esbuild/android-arm@npm:0.28.2"
  conditions: os=android & cpu=arm
  languageName: node
  linkType: hard

"@esbuild/android-x64@npm:0.28.2":
  version: 0.28.2
  resolution: "@esbuild/android-x64@npm:0.28.2"
  conditions: os=android & cpu=x64
  languageName: node
  linkType: hard

"@esbuild/darwin-arm64@npm:0.28.2":
  version: 0.28.2
  resolution: "@esbuild/darwin-arm64@npm:0.28.2"
  conditions: os=darwin & cpu=arm64
  languageName: node
  linkType: hard

"@esbuild/darwin-x64@npm:0.28.2":
  version: 0.28.2
  resolution: "@esbuild/darwin-x64@npm:0.28.2"
  conditions: os=darwin & cpu=x64
  languageName: node
  linkType: hard

"@esbuild/freebsd-arm64@npm:0.28.2":
  version: 0.28.2
  resolution: "@esbuild/freebsd-arm64@npm:0.28.2"
  conditions: os=freebsd & cpu=arm64
  languageName: node
  linkType: hard

"@esbuild/freebsd-x64@npm:0.28.2":
  version: 0.28.2
  resolution: "@esbuild/freebsd-x64@npm:0.28.2"
  conditions: os=freebsd & cpu=x64
  languageName: node
  linkType: hard

"@esbuild/linux-arm64@npm:0.28.2":
  version: 0.28.2
  resolution: "@esbuild/linux-arm64@npm:0.28.2"
  conditions: os=linux & cpu=arm64
  languageName: node
  linkType: hard

"@esbuild/linux-arm@npm:0.28.2":
  version: 0.28.2
  resolution: "@esbuild/linux-arm@npm:0.28.2"
  conditions: os=linux & cpu=arm
  languageName: node
  linkType: hard

"@esbuild/linux-ia32@npm:0.28.2":
  version: 0.28.2
  resolution: "@esbuild/linux-ia32@npm:0.28.2"
  conditions: os=linux & cpu=ia32
  languageName: node
  linkType: hard

"@esbuild/linux-loong64@npm:0.28.2":
  version: 0.28.2
  resolution: "@esbuild/linux-loong64@npm:0.28.2"
  conditions: os=linux & cpu=loong64
  languageName: node
  linkType: hard

"@esbuild/linux-mips64el@npm:0.28.2":
  version: 0.28.2
  resolution: "@esbuild/linux-mips64el@npm:0.28.2"
  conditions: os=linux & cpu=mips64el
  languageName: node
  linkType: hard

"@esbuild/linux-ppc64@npm:0.28.2":
  version: 0.28.2
  resolution: "@esbuild/linux-ppc64@npm:0.28.2"
  conditions: os=linux & cpu=ppc64
  languageName: node
  linkType: hard

"@esbuild/linux-riscv64@npm:0.28.2":
  version: 0.28.2
  resolution: "@esbuild/linux-riscv64@npm:0.28.2"
  conditions: os=linux & cpu=riscv64
  languageName: node
  linkType: hard

"@esbuild/linux-s390x@npm:0.28.2":
  version: 0.28.2
  resolution: "@esbuild/linux-s390x@npm:0.28.2"
  conditions: os=linux & cpu=s390x
  languageName: node
  linkType: hard

"@esbuild/linux-x64@npm:0.28.2":
  version: 0.28.2
  resolution: "@esbuild/linux-x64@npm:0.28.2"
  conditions: os=linux & cpu=x64
  languageName: node
  linkType: hard

"@esbuild/netbsd-arm64@npm:0.28.2":
  version: 0.28.2
  resolution: "@esbuild/netbsd-arm64@npm:0.28.2"
  conditions: os=netbsd & cpu=arm64
  languageName: node
  linkType: hard

"@esbuild/netbsd-x64@npm:0.28.2":
  version: 0.28.2
  resolution: "@esbuild/netbsd-x64@npm:0.28.2"
  conditions: os=netbsd & cpu=x64
  languageName: node
  linkType: hard

"@esbuild/openbsd-arm64@npm:0.28.2":
  version: 0.28.2
  resolution: "@esbuild/openbsd-arm64@npm:0.28.2"
  conditions: os=openbsd & cpu=arm64
  languageName: node
  linkType: hard

"@esbuild/openbsd-x64@npm:0.28.2":
  version: 0.28.2
  resolution: "@esbuild/openbsd-x64@npm:0.28.2"
  conditions: os=openbsd & cpu=x64
  languageName: node
  linkType: hard

"@esbuild/openharmony-arm64@npm:0.28.2":
  version: 0.28.2
  resolution: "@esbuild/openharmony-arm64@npm:0.28.2"
  conditions: os=openharmony & cpu=arm64
  languageName: node
  linkType: hard

"@esbuild/sunos-x64@npm:0.28.2":
  version: 0.28.2
  resolution: "@esbuild/sunos-x64@npm:0.28.2"
  conditions: os=sunos & cpu=x64
  languageName: node
  linkType: hard

"@esbuild/win32-arm64@npm:0.28.2":
  version: 0.28.2
  resolution: "@esbuild/win32-arm64@npm:0.28.2"
  conditions: os=win32 & cpu=arm64
  languageName: node
  linkType: hard

"@esbuild/win32-ia32@npm:0.28.2":
  version: 0.28.2
  resolution: "@esbuild/win32-ia32@npm:0.28.2"
  conditions: os=win32 & cpu=ia32
  languageName: node
  linkType: hard

"@esbuild/win32-x64@npm:0.28.2":
  version: 0.28.2
  resolution: "@esbuild/win32-x64@npm:0.28.2"
  conditions: os=win32 & cpu=x64
  languageName: node
  linkType: hard

"@eslint-community/eslint-utils@npm:^4.1.2":
  version: 4.4.0
  resolution: "@eslint-community/eslint-utils@npm:4.4.0"
  dependencies:
    eslint-visitor-keys: "npm:^3.3.0"
  peerDependencies:
    eslint: ^6.0.0 || ^7.0.0 || >=8.0.0
  checksum: 10c0/7e559c4ce59cd3a06b1b5a517b593912e680a7f981ae7affab0d01d709e99cd5647019be8fafa38c350305bc32f1f7d42c7073edde2ab536c745e365f37b607e
  languageName: node
  linkType: hard

"@eslint-community/eslint-utils@npm:^4.5.0":
  version: 4.9.1
  resolution: "@eslint-community/eslint-utils@npm:4.9.1"
  dependencies:
    eslint-visitor-keys: "npm:^3.4.3"
  peerDependencies:
    eslint: ^6.0.0 || ^7.0.0 || >=8.0.0
  checksum: 10c0/dc4ab5e3e364ef27e33666b11f4b86e1a6c1d7cbf16f0c6ff87b1619b3562335e9201a3d6ce806221887ff780ec9d828962a290bb910759fd40a674686503f02
  languageName: node
  linkType: hard

"@eslint-community/regexpp@npm:^4.11.0":
  version: 4.11.0
  resolution: "@eslint-community/regexpp@npm:4.11.0"
  checksum: 10c0/0f6328869b2741e2794da4ad80beac55cba7de2d3b44f796a60955b0586212ec75e6b0253291fd4aad2100ad471d1480d8895f2b54f1605439ba4c875e05e523
  languageName: node
  linkType: hard

"@eslint/js@npm:^10.0.1":
  version: 10.0.1
  resolution: "@eslint/js@npm:10.0.1"
  peerDependencies:
    eslint: ^10.0.0
  peerDependenciesMeta:
    eslint:
      optional: true
  checksum: 10c0/9f3fcaf71ba7fdf65d82e8faad6ecfe97e11801cc3c362b306a88ea1ed1344ae0d35330dddb0e8ad18f010f6687a70b75491b9e01c8af57acd7987cee6b3ec6c
  languageName: node
  linkType: hard

"@isaacs/fs-minipass@npm:^4.0.0":
  version: 4.0.1
  resolution: "@isaacs/fs-minipass@npm:4.0.1"
  dependencies:
    minipass: "npm:^7.0.4"
  checksum: 10c0/c25b6dc1598790d5b55c0947a9b7d111cfa92594db5296c3b907e2f533c033666f692a3939eadac17b1c7c40d362d0b0635dc874cbfe3e70db7c2b07cc97a5d2
  languageName: node
  linkType: hard

"@pkgr/core@npm:^0.3.6":
  version: 0.3.6
  resolution: "@pkgr/core@npm:0.3.6"
  checksum: 10c0/153f0f4563f505faeba13c733efa0e05e467ce1c6b941055a5fd3b4560da60fbf1dff4b11da0075f034ddda11f2842b90395f60895dde5825875b616edccc11c
  languageName: node
  linkType: hard

"@types/node@npm:*":
  version: 22.5.4
  resolution: "@types/node@npm:22.5.4"
  dependencies:
    undici-types: "npm:~6.19.2"
  checksum: 10c0/b445daa7eecd761ad4d778b882d6ff7bcc3b4baad2086ea9804db7c5d4a4ab0298b00d7f5315fc640a73b5a1d52bbf9628e09c9fec0cf44dbf9b4df674a8717d
  languageName: node
  linkType: hard

"@types/pngjs@npm:^6.0.1":
  version: 6.0.5
  resolution: "@types/pngjs@npm:6.0.5"
  dependencies:
    "@types/node": "npm:*"
  checksum: 10c0/11979d0690e774046d3a1e8cfc613a6b53a613909d81c93831cf253800e93ba1a2d47950979b523aebd4fc023351b644d7f4aa2dfcc027c70816a2968420e7da
  languageName: node
  linkType: hard

"chownr@npm:^3.0.0":
  version: 3.0.0
  resolution: "chownr@npm:3.0.0"
  checksum: 10c0/43925b87700f7e3893296c8e9c56cc58f926411cce3a6e5898136daaf08f08b9a8eb76d37d3267e707d0dcc17aed2e2ebdf5848c0c3ce95cf910a919935c1b10
  languageName: node
  linkType: hard

"colord@npm:^2.9.3":
  version: 2.10.0
  resolution: "colord@npm:2.10.0"
  checksum: 10c0/2f5d1d1759124f593deca17bbbab8a88bdc3ab68bbcc88db76c1192d9a5d575db202badde044bf61789561fa0ed7a9eb895382becad1af27ec65934c216e9e04
  languageName: node
  linkType: hard

"companion-module-utils@npm:^0.5.0":
  version: 0.5.0
  resolution: "companion-module-utils@npm:0.5.0"
  dependencies:
    "@types/pngjs": "npm:^6.0.1"
    pngjs: "npm:^7.0.0"
  checksum: 10c0/ad8ec64ba33823fc5cbb4fba0a815f1a3897c1e337dd4897c1c6bfef6c33fa0c193aeda09ac451afe369c1ce85ca5d7b2250c554d7ab516118790d153a2c57af
  languageName: node
  linkType: hard

"enhanced-resolve@npm:^5.17.1":
  version: 5.17.1
  resolution: "enhanced-resolve@npm:5.17.1"
  dependencies:
    graceful-fs: "npm:^4.2.4"
    tapable: "npm:^2.2.0"
  checksum: 10c0/81a0515675eca17efdba2cf5bad87abc91a528fc1191aad50e275e74f045b41506167d420099022da7181c8d787170ea41e4a11a0b10b7a16f6237daecb15370
  languageName: node
  linkType: hard

"esbuild@npm:^0.28.1":
  version: 0.28.2
  resolution: "esbuild@npm:0.28.2"
  dependencies:
    "@esbuild/aix-ppc64": "npm:0.28.2"
    "@esbuild/android-arm": "npm:0.28.2"
    "@esbuild/android-arm64": "npm:0.28.2"
    "@esbuild/android-x64": "npm:0.28.2"
    "@esbuild/darwin-arm64": "npm:0.28.2"
    "@esbuild/darwin-x64": "npm:0.28.2"
    "@esbuild/freebsd-arm64": "npm:0.28.2"
    "@esbuild/freebsd-x64": "npm:0.28.2"
    "@esbuild/linux-arm": "npm:0.28.2"
    "@esbuild/linux-arm64": "npm:0.28.2"
    "@esbuild/linux-ia32": "npm:0.28.2"
    "@esbuild/linux-loong64": "npm:0.28.2"
    "@esbuild/linux-mips64el": "npm:0.28.2"
    "@esbuild/linux-ppc64": "npm:0.28.2"
    "@esbuild/linux-riscv64": "npm:0.28.2"
    "@esbuild/linux-s390x": "npm:0.28.2"
    "@esbuild/linux-x64": "npm:0.28.2"
    "@esbuild/netbsd-arm64": "npm:0.28.2"
    "@esbuild/netbsd-x64": "npm:0.28.2"
    "@esbuild/openbsd-arm64": "npm:0.28.2"
    "@esbuild/openbsd-x64": "npm:0.28.2"
    "@esbuild/openharmony-arm64": "npm:0.28.2"
    "@esbuild/sunos-x64": "npm:0.28.2"
    "@esbuild/win32-arm64": "npm:0.28.2"
    "@esbuild/win32-ia32": "npm:0.28.2"
    "@esbuild/win32-x64": "npm:0.28.2"
  dependenciesMeta:
    "@esbuild/aix-ppc64":
      optional: true
    "@esbuild/android-arm":
      optional: true
    "@esbuild/android-arm64":
      optional: true
    "@esbuild/android-x64":
      optional: true
    "@esbuild/darwin-arm64":
      optional: true
    "@esbuild/darwin-x64":
      optional: true
    "@esbuild/freebsd-arm64":
      optional: true
    "@esbuild/freebsd-x64":
      optional: true
    "@esbuild/linux-arm":
      optional: true
    "@esbuild/linux-arm64":
      optional: true
    "@esbuild/linux-ia32":
      optional: true
    "@esbuild/linux-loong64":
      optional: true
    "@esbuild/linux-mips64el":
      optional: true
    "@esbuild/linux-ppc64":
      optional: true
    "@esbuild/linux-riscv64":
      optional: true
    "@esbuild/linux-s390x":
      optional: true
    "@esbuild/linux-x64":
      optional: true
    "@esbuild/netbsd-arm64":
      optional: true
    "@esbuild/netbsd-x64":
      optional: true
    "@esbuild/openbsd-arm64":
      optional: true
    "@esbuild/openbsd-x64":
      optional: true
    "@esbuild/openharmony-arm64":
      optional: true
    "@esbuild/sunos-x64":
      optional: true
    "@esbuild/win32-arm64":
      optional: true
    "@esbuild/win32-ia32":
      optional: true
    "@esbuild/win32-x64":
      optional: true
  bin:
    esbuild: bin/esbuild
  checksum: 10c0/9b19edb63bd7780fd2e8e65a1394a0e8a05a17d697f73f0647ffe3c134709d8dbe744ab3fd57b35c9470db268cae7678fafd3dcd3ce1f34fc590568c2433f5d2
  languageName: node
  linkType: hard

"eslint-compat-utils@npm:^0.5.1":
  version: 0.5.1
  resolution: "eslint-compat-utils@npm:0.5.1"
  dependencies:
    semver: "npm:^7.5.4"
  peerDependencies:
    eslint: ">=6.0.0"
  checksum: 10c0/325e815205fab70ebcd379f6d4b5d44c7d791bb8dfe0c9888233f30ebabd9418422595b53a781b946c768d9244d858540e5e6129a6b3dd6d606f467d599edc6c
  languageName: node
  linkType: hard

"eslint-config-prettier@npm:^10.1.8":
  version: 10.1.8
  resolution: "eslint-config-prettier@npm:10.1.8"
  peerDependencies:
    eslint: ">=7.0.0"
  bin:
    eslint-config-prettier: bin/cli.js
  checksum: 10c0/e1bcfadc9eccd526c240056b1e59c5cd26544fe59feb85f38f4f1f116caed96aea0b3b87868e68b3099e55caaac3f2e5b9f58110f85db893e83a332751192682
  languageName: node
  linkType: hard

"eslint-plugin-es-x@npm:^7.8.0":
  version: 7.8.0
  resolution: "eslint-plugin-es-x@npm:7.8.0"
  dependencies:
    "@eslint-community/eslint-utils": "npm:^4.1.2"
    "@eslint-community/regexpp": "npm:^4.11.0"
    eslint-compat-utils: "npm:^0.5.1"
  peerDependencies:
    eslint: ">=8"
  checksum: 10c0/002fda8c029bc5da41e24e7ac11654062831d675fc4f5f20d0de460e24bf1e05cd559000678ef3e46c48641190f4fc07ae3d57aa5e8b085ef5f67e5f63742614
  languageName: node
  linkType: hard

"eslint-plugin-n@npm:^18.1.0":
  version: 18.3.0
  resolution: "eslint-plugin-n@npm:18.3.0"
  dependencies:
    "@eslint-community/eslint-utils": "npm:^4.5.0"
    enhanced-resolve: "npm:^5.17.1"
    eslint-plugin-es-x: "npm:^7.8.0"
    get-tsconfig: "npm:^4.8.1"
    globals: "npm:^15.11.0"
    globrex: "npm:^0.1.2"
    ignore: "npm:^5.3.2"
    semver: "npm:^7.6.3"
  peerDependencies:
    eslint: ">=8.57.1"
    ts-declaration-location: ^1.0.6
    typescript: ">=5.0.0"
  peerDependenciesMeta:
    ts-declaration-location:
      optional: true
    typescript:
      optional: true
  checksum: 10c0/d9d4b7bae54ef05378c0095c51541aa7681937bbe2673ee9b9f70a0619d0f634d98adf0f2e13ea6c2b98d70366f55af83b27ec1084707c72ea132a2203c7d00e
  languageName: node
  linkType: hard

"eslint-plugin-prettier@npm:^5.5.6":
  version: 5.5.6
  resolution: "eslint-plugin-prettier@npm:5.5.6"
  dependencies:
    prettier-linter-helpers: "npm:^1.0.1"
    synckit: "npm:^0.11.13"
  peerDependencies:
    "@types/eslint": ">=8.0.0"
    eslint: ">=8.0.0"
    eslint-config-prettier: ">= 7.0.0 <10.0.0 || >=10.1.0"
    prettier: ">=3.0.0"
  peerDependenciesMeta:
    "@types/eslint":
      optional: true
    eslint-config-prettier:
      optional: true
  checksum: 10c0/af37126c947ff3e87ff1ea76408db8cb1c7da966ebdaba68c6dd5924da7eb1b43b1abc4796d753a97b1bc26ea94c5497093e6ab9f8588fffe558d5a554e19bbf
  languageName: node
  linkType: hard

"eslint-visitor-keys@npm:^3.3.0, eslint-visitor-keys@npm:^3.4.3":
  version: 3.4.3
  resolution: "eslint-visitor-keys@npm:3.4.3"
  checksum: 10c0/92708e882c0a5ffd88c23c0b404ac1628cf20104a108c745f240a13c332a11aac54f49a22d5762efbffc18ecbc9a580d1b7ad034bf5f3cc3307e5cbff2ec9820
  languageName: node
  linkType: hard

"fast-diff@npm:^1.1.2":
  version: 1.3.0
  resolution: "fast-diff@npm:1.3.0"
  checksum: 10c0/5c19af237edb5d5effda008c891a18a585f74bf12953be57923f17a3a4d0979565fc64dbc73b9e20926b9d895f5b690c618cbb969af0cf022e3222471220ad29
  languageName: node
  linkType: hard

"find-up@npm:^8.0.0":
  version: 8.0.0
  resolution: "find-up@npm:8.0.0"
  dependencies:
    locate-path: "npm:^8.0.0"
    unicorn-magic: "npm:^0.3.0"
  checksum: 10c0/4c6d2cb92f74bd42ec7344c881a46f6455010d3993f8f55b09bb64298c0a13e11e10200147624db8938590890a15ade69c40f0172698388d0999899f0f2a70a5
  languageName: node
  linkType: hard

"get-tsconfig@npm:^4.8.1":
  version: 4.9.0
  resolution: "get-tsconfig@npm:4.9.0"
  dependencies:
    resolve-pkg-maps: "npm:^1.0.0"
  checksum: 10c0/b1b83a2f65aa589cd99036c21de928bea7424be6575a2736cb4de5fb5760c874d64ac69809f4691c1262a4e3c72c646fd2cb758e406acbff7f37ee86301943ee
  languageName: node
  linkType: hard

"globals@npm:^15.11.0":
  version: 15.14.0
  resolution: "globals@npm:15.14.0"
  checksum: 10c0/039deb8648bd373b7940c15df9f96ab7508fe92b31bbd39cbd1c1a740bd26db12457aa3e5d211553b234f30e9b1db2fee3683012f543a01a6942c9062857facb
  languageName: node
  linkType: hard

"globrex@npm:^0.1.2":
  version: 0.1.2
  resolution: "globrex@npm:0.1.2"
  checksum: 10c0/a54c029520cf58bda1d8884f72bd49b4cd74e977883268d931fd83bcbd1a9eb96d57c7dbd4ad80148fb9247467ebfb9b215630b2ed7563b2a8de02e1ff7f89d1
  languageName: node
  linkType: hard

"graceful-fs@npm:^4.2.4":
  version: 4.2.11
  resolution: "graceful-fs@npm:4.2.11"
  checksum: 10c0/386d011a553e02bc594ac2ca0bd6d9e4c22d7fa8cfbfc448a6d148c59ea881b092db9dbe3547ae4b88e55f1b01f7c4a2ecc53b310c042793e63aa44cf6c257f2
  languageName: node
  linkType: hard

"husky@npm:^9.1.7":
  version: 9.1.7
  resolution: "husky@npm:9.1.7"
  bin:
    husky: bin.js
  checksum: 10c0/35bb110a71086c48906aa7cd3ed4913fb913823715359d65e32e0b964cb1e255593b0ae8014a5005c66a68e6fa66c38dcfa8056dbbdfb8b0187c0ffe7ee3a58f
  languageName: node
  linkType: hard

"ignore@npm:^5.3.2":
  version: 5.3.2
  resolution: "ignore@npm:5.3.2"
  checksum: 10c0/f9f652c957983634ded1e7f02da3b559a0d4cc210fca3792cb67f1b153623c9c42efdc1c4121af171e295444459fc4a9201101fb041b1104a3c000bccb188337
  languageName: node
  linkType: hard

"locate-path@npm:^8.0.0":
  version: 8.0.0
  resolution: "locate-path@npm:8.0.0"
  dependencies:
    p-locate: "npm:^6.0.0"
  checksum: 10c0/4c837878b6d1b8557c5d1c624d11d6721d77f4627c14bd84182c85cbb9ec8fc01b5b5f089e21fab17b30fc5ecc14216a3d31f754dfcc5299f1fe9f4c83482fee
  languageName: node
  linkType: hard

"minipass@npm:^7.0.4, minipass@npm:^7.1.2":
  version: 7.1.2
  resolution: "minipass@npm:7.1.2"
  checksum: 10c0/b0fd20bb9fb56e5fa9a8bfac539e8915ae07430a619e4b86ff71f5fc757ef3924b23b2c4230393af1eda647ed3d75739e4e0acb250a6b1eb277cf7f8fe449557
  languageName: node
  linkType: hard

"minizlib@npm:^3.1.0":
  version: 3.1.0
  resolution: "minizlib@npm:3.1.0"
  dependencies:
    minipass: "npm:^7.1.2"
  checksum: 10c0/5aad75ab0090b8266069c9aabe582c021ae53eb33c6c691054a13a45db3b4f91a7fb1bd79151e6b4e9e9a86727b522527c0a06ec7d45206b745d54cd3097bcec
  languageName: node
  linkType: hard

"p-limit@npm:^4.0.0":
  version: 4.0.0
  resolution: "p-limit@npm:4.0.0"
  dependencies:
    yocto-queue: "npm:^1.0.0"
  checksum: 10c0/a56af34a77f8df2ff61ddfb29431044557fcbcb7642d5a3233143ebba805fc7306ac1d448de724352861cb99de934bc9ab74f0d16fe6a5460bdbdf938de875ad
  languageName: node
  linkType: hard

"p-locate@npm:^6.0.0":
  version: 6.0.0
  resolution: "p-locate@npm:6.0.0"
  dependencies:
    p-limit: "npm:^4.0.0"
  checksum: 10c0/d72fa2f41adce59c198270aa4d3c832536c87a1806e0f69dffb7c1a7ca998fb053915ca833d90f166a8c082d3859eabfed95f01698a3214c20df6bb8de046312
  languageName: node
  linkType: hard

"pngjs@npm:^7.0.0":
  version: 7.0.0
  resolution: "pngjs@npm:7.0.0"
  checksum: 10c0/0d4c7a0fd476a9c33df7d0a2a73e1d56537628a668841f6995c2bca070cf30819f9254a64363266bc14ef2fee47659dd3b4f2b18eec7ab65143015139f497b38
  languageName: node
  linkType: hard

"prettier-linter-helpers@npm:^1.0.1":
  version: 1.0.1
  resolution: "prettier-linter-helpers@npm:1.0.1"
  dependencies:
    fast-diff: "npm:^1.1.2"
  checksum: 10c0/91cea965681bc5f62c9d26bd3ca6358b81557261d4802e96ec1cf0acbd99d4b61632d53320cd2c3ec7d7f7805a81345644108a41ef46ddc9688e783a9ac792d1
  languageName: node
  linkType: hard

"resolve-pkg-maps@npm:^1.0.0":
  version: 1.0.0
  resolution: "resolve-pkg-maps@npm:1.0.0"
  checksum: 10c0/fb8f7bbe2ca281a73b7ef423a1cbc786fb244bd7a95cbe5c3fba25b27d327150beca8ba02f622baea65919a57e061eb5005204daa5f93ed590d9b77463a567ab
  languageName: node
  linkType: hard

"semver@npm:^7.5.4, semver@npm:^7.6.3":
  version: 7.6.3
  resolution: "semver@npm:7.6.3"
  bin:
    semver: bin/semver.js
  checksum: 10c0/88f33e148b210c153873cb08cfe1e281d518aaa9a666d4d148add6560db5cd3c582f3a08ccb91f38d5f379ead256da9931234ed122057f40bb5766e65e58adaf
  languageName: node
  linkType: hard

"semver@npm:^7.8.4":
  version: 7.8.5
  resolution: "semver@npm:7.8.5"
  bin:
    semver: bin/semver.js
  checksum: 10c0/b1f3127a5be8125a94f37188b361c212466c292c6910adce3ec106cff5dc211ccaedc4739c11bb70fda59d6fc1f040a9bca289f4e093451521a2372e5231fe0c
  languageName: node
  linkType: hard

"spdx-exceptions@npm:^2.1.0":
  version: 2.5.0
  resolution: "spdx-exceptions@npm:2.5.0"
  checksum: 10c0/37217b7762ee0ea0d8b7d0c29fd48b7e4dfb94096b109d6255b589c561f57da93bf4e328c0290046115961b9209a8051ad9f525e48d433082fc79f496a4ea940
  languageName: node
  linkType: hard

"spdx-expression-parse@npm:^5.0.0":
  version: 5.0.0
  resolution: "spdx-expression-parse@npm:5.0.0"
  dependencies:
    spdx-exceptions: "npm:^2.1.0"
    spdx-license-ids: "npm:^3.0.0"
  checksum: 10c0/26d0e79e1fda50301ba99c294788c4efb1aded6b8206dada2749d497c7772cfd6ee8ed43c9a0095dc77a3fcf2a39f421643381ec009a8b84bb95a5bb1a623510
  languageName: node
  linkType: hard

"spdx-license-ids@npm:^3.0.0":
  version: 3.0.23
  resolution: "spdx-license-ids@npm:3.0.23"
  checksum: 10c0/8495620f6f2a237749cce922ea2d593a66f7885c301b1a0f5542183e7041182f27f616a8f13345cefdea0c9b3e0899328e0aa8cec100cf4f3fac4bb3bd975515
  languageName: node
  linkType: hard

"synckit@npm:^0.11.13":
  version: 0.11.13
  resolution: "synckit@npm:0.11.13"
  dependencies:
    "@pkgr/core": "npm:^0.3.6"
  checksum: 10c0/5a6c19f4f79045aaa7994106401bff6dbe7cca23a6d0a0723ff14eb8b1bebeb4a71729118f6914905598e304ea2fa13509885e11ba07d92e7cb68a06740cb328
  languageName: node
  linkType: hard

"tapable@npm:^2.2.0":
  version: 2.2.1
  resolution: "tapable@npm:2.2.1"
  checksum: 10c0/bc40e6efe1e554d075469cedaba69a30eeb373552aaf41caeaaa45bf56ffacc2674261b106245bd566b35d8f3329b52d838e851ee0a852120acae26e622925c9
  languageName: node
  linkType: hard

"tar@npm:^7.5.21":
  version: 7.5.22
  resolution: "tar@npm:7.5.22"
  dependencies:
    "@isaacs/fs-minipass": "npm:^4.0.0"
    chownr: "npm:^3.0.0"
    minipass: "npm:^7.1.2"
    minizlib: "npm:^3.1.0"
    yallist: "npm:^5.0.0"
  checksum: 10c0/1311f6be85a8157ac4c9147bae43e13923d2a1aae15e4aa1bd5239e4e03d2cf53cfe103dde7f35832fbb4c938b042856bc8e9a0afd29abd05e2d1608788c4fea
  languageName: node
  linkType: hard

"undici-types@npm:~6.19.2":
  version: 6.19.8
  resolution: "undici-types@npm:6.19.8"
  checksum: 10c0/078afa5990fba110f6824823ace86073b4638f1d5112ee26e790155f481f2a868cc3e0615505b6f4282bdf74a3d8caad715fd809e870c2bb0704e3ea6082f344
  languageName: node
  linkType: hard

"unicorn-magic@npm:^0.3.0":
  version: 0.3.0
  resolution: "unicorn-magic@npm:0.3.0"
  checksum: 10c0/0a32a997d6c15f1c2a077a15b1c4ca6f268d574cf5b8975e778bb98e6f8db4ef4e86dfcae4e158cd4c7e38fb4dd383b93b13eefddc7f178dea13d3ac8a603271
  languageName: node
  linkType: hard

"yallist@npm:^5.0.0":
  version: 5.0.0
  resolution: "yallist@npm:5.0.0"
  checksum: 10c0/a499c81ce6d4a1d260d4ea0f6d49ab4da09681e32c3f0472dee16667ed69d01dae63a3b81745a24bd78476ec4fcf856114cb4896ace738e01da34b2c42235416
  languageName: node
  linkType: hard

"yamaha-rcp@workspace:.":
  version: 0.0.0-use.local
  resolution: "yamaha-rcp@workspace:."
  dependencies:
    "@companion-module/base": "npm:^2.1.3"
    "@companion-module/tools": "npm:^3.1.0"
    companion-module-utils: "npm:^0.5.0"
    husky: "npm:^9.1.7"
  languageName: unknown
  linkType: soft

"yocto-queue@npm:^1.0.0":
  version: 1.1.1
  resolution: "yocto-queue@npm:1.1.1"
  checksum: 10c0/cb287fe5e6acfa82690acb43c283de34e945c571a78a939774f6eaba7c285bacdf6c90fbc16ce530060863984c906d2b4c6ceb069c94d1e0a06d5f2b458e2a92
  languageName: node
  linkType: hard

"zx@npm:^8.8.5":
  version: 8.8.5
  resolution: "zx@npm:8.8.5"
  bin:
    zx: build/cli.js
  checksum: 10c0/1273e4f72cfe35a59041aef5a56fd87318bc4e11947d101810b67e5c486ab30574042938728e8a15e085de985e762b8585fcdaab4cf87fd113153b63a5846611
  languageName: node
  linkType: hard
