# THIS IS AN AUTOGENERATED FILE. DO NOT EDIT THIS FILE DIRECTLY.
# yarn lockfile v1


"@companion-module/base@^2.1.3":
  version "2.1.3"
  resolved "https://registry.yarnpkg.com/@companion-module/base/-/base-2.1.3.tgz#794d6b6426c45c75c10e46d313cdf495b0da3bad"
  integrity sha512-/Sf4qL+e3fSf3abcqIcMUQSTCO4tytdImQ+mUl2c0hJh3V+ne/audMtJX8NIHoJGlHgJOAMv5Xt6QFYiyJ4o3g==
  dependencies:
    colord "^2.9.3"

"@companion-module/tools@^3.0.2":
  version "3.0.2"
  resolved "https://registry.yarnpkg.com/@companion-module/tools/-/tools-3.0.2.tgz#7d6533cb61bf4b34e42bbbe21ba333477e084eae"
  integrity sha512-No7XJbWo4BD3Jow7C+eRGKbbEV8eLmxY80n+bnte+Zd05uafPkq+L64fc0/16oGX+de5m9BvZe9MrdYzZHPBfg==
  dependencies:
    "@eslint/js" "^10.0.1"
    esbuild "^0.28.1"
    eslint-config-prettier "^10.1.8"
    eslint-plugin-n "^18.1.0"
    eslint-plugin-prettier "^5.5.6"
    find-up "^8.0.0"
    semver "^7.8.4"
    tar "^7.5.16"
    zx "^8.8.5"

"@esbuild/aix-ppc64@0.28.2":
  version "0.28.2"
  resolved "https://registry.yarnpkg.com/@esbuild/aix-ppc64/-/aix-ppc64-0.28.2.tgz#bf6e10303bcf2e7c686975fa52f937ec2728d8bc"
  integrity sha512-XExcO+dvLKvVtNTibSTBej1NCAbaGhWn9Ww1ZPx80qsahhPFe/8jgWP0IchNe0F3HwkU7n8ejhH8bjonqht8mQ==

"@esbuild/android-arm64@0.28.2":
  version "0.28.2"
  resolved "https://registry.yarnpkg.com/@esbuild/android-arm64/-/android-arm64-0.28.2.tgz#0c6246bc8d2c4d172aac2db3fb1190d72bd65504"
  integrity sha512-5YfKeeI8qWfBZIX+u2xZC3Zlb3Os/gLS2sbEKM+I4ZOcsWmHS2WLysCcQZDAFRslDUU5Oiq44gf6PYN1vGwG5A==

"@esbuild/android-arm@0.28.2":
  version "0.28.2"
  resolved "https://registry.yarnpkg.com/@esbuild/android-arm/-/android-arm-0.28.2.tgz#2d84ece6a4e2684d92be26ee13d42757d831c381"
  integrity sha512-kXXoiPVVGQcnIYGOeaovwOURpniDBpSq4A03qkQ+BMQqtGG6HYap3xne9C1O1yo4TR3qxlCX5IqqmX6fFo2Lqg==

"@esbuild/android-x64@0.28.2":
  version "0.28.2"
  resolved "https://registry.yarnpkg.com/@esbuild/android-x64/-/android-x64-0.28.2.tgz#fc38d4d6358d8dc1cf53f09f7589fe436eb64801"
  integrity sha512-O387ite7SzUyCcy3JQX4P4bLtEA7bLLkx+esve5JHnyYfNTxcVpXZo9jhdB0lTKN44gztELTdU7nS8Nr16Fs1Q==

"@esbuild/darwin-arm64@0.28.2":
  version "0.28.2"
  resolved "https://registry.yarnpkg.com/@esbuild/darwin-arm64/-/darwin-arm64-0.28.2.tgz#f83afeeac1d7dac01c7a2fd012b3e451a0591fcc"
  integrity sha512-n4KqkOQrraxHJcgjM1RvwbigfQKIKJVpM7xp+KsxiyUSrRdIXnt73VhrPAx0fV44hgfmIVKjxMN9J1t5jySVkw==

"@esbuild/darwin-x64@0.28.2":
  version "0.28.2"
  resolved "https://registry.yarnpkg.com/@esbuild/darwin-x64/-/darwin-x64-0.28.2.tgz#510147c055a795588dbbe14fd6b1b8ad0a2f30de"
  integrity sha512-uq6suIWYP37qzGddBKPw5QEQPi6HiLGsO7UmkpfyaYNQ3D+rN6w6WfwH+nuqcGXWvawGwxOEroO4YGnFh95azw==

"@esbuild/freebsd-arm64@0.28.2":
  version "0.28.2"
  resolved "https://registry.yarnpkg.com/@esbuild/freebsd-arm64/-/freebsd-arm64-0.28.2.tgz#093b9200ecf0b115ba4e5e248a7485c9c5f8bd5e"
  integrity sha512-n+I0BTSRIoy+d6RPKnEVwql5UwBJolytvY4mAOIEJorKlqgPII8ix6slVVrfZ5Tnj7glIZvloylbB/EJPMWEXw==

"@esbuild/freebsd-x64@0.28.2":
  version "0.28.2"
  resolved "https://registry.yarnpkg.com/@esbuild/freebsd-x64/-/freebsd-x64-0.28.2.tgz#0be22b6df925d213e841ea87123af5df80b0faf7"
  integrity sha512-78XJTJkvPs0kz2w61301PJjXl4g7q3JqiYMZ/M/yVI73EHBrCRTgkhu9oqG7vPqq+a/yadEW8aD+agKlk5xrmg==

"@esbuild/linux-arm64@0.28.2":
  version "0.28.2"
  resolved "https://registry.yarnpkg.com/@esbuild/linux-arm64/-/linux-arm64-0.28.2.tgz#1bdbc651cda9ba9995c53ed9c71ceaa65094762d"
  integrity sha512-pW4AC0P3it8c7do9MVM4p51FzHzdM/TZrerurgRcHJ2WTa1VQ1CIq18xncfpBJw4ojkiZZrKW2yIBWBP92j6Ug==

"@esbuild/linux-arm@0.28.2":
  version "0.28.2"
  resolved "https://registry.yarnpkg.com/@esbuild/linux-arm/-/linux-arm-0.28.2.tgz#beb12ad72b84f72d28488cc1b8ee9f7eb141d753"
  integrity sha512-XlDnu2q5yoqems+xay6wSAcg9DDD7K9RLKZEBOMZm3ckNpJBvOX20tSfby8KfrrhINDyv9V2YVZKY/SpoGJI8w==

"@esbuild/linux-ia32@0.28.2":
  version "0.28.2"
  resolved "https://registry.yarnpkg.com/@esbuild/linux-ia32/-/linux-ia32-0.28.2.tgz#b81f9d55529b45c206a46a138214b1aa6879696b"
  integrity sha512-CYbnj78HsIeA+DhgUKgFCfvNsTHFhMMrinUrMZpDXJXKN8T3XViTZ/+wtHeVxEWY8ewSzTFN+nRmSwO2tZaLUQ==

"@esbuild/linux-loong64@0.28.2":
  version "0.28.2"
  resolved "https://registry.yarnpkg.com/@esbuild/linux-loong64/-/linux-loong64-0.28.2.tgz#598667241a04c99b76ed6ef940ac50038c419f98"
  integrity sha512-buwkd8nsph4R+ajRvw0qM5Hja/TXQow3ptzWO2EbG/cqcIkHloRrdlBtQlshyYGTNFvfkfJ5tpPLVkY4DtsPfQ==

"@esbuild/linux-mips64el@0.28.2":
  version "0.28.2"
  resolved "https://registry.yarnpkg.com/@esbuild/linux-mips64el/-/linux-mips64el-0.28.2.tgz#1c51eb9cea903f53d97b5af3b1841db70f5596ca"
  integrity sha512-ZVykbDyk7519VwiNb9Lcj9m8XM6v5V9uKPvrEMkkEedVewf+0itkhahp4HDpgERXhwLRpWFypsGbG/J8s0QjJA==

"@esbuild/linux-ppc64@0.28.2":
  version "0.28.2"
  resolved "https://registry.yarnpkg.com/@esbuild/linux-ppc64/-/linux-ppc64-0.28.2.tgz#63dd61f17ceb31a81227f413feac8a71bc2c51f2"
  integrity sha512-CAXl+Dtd9UUuJd8pKKdwh6MLm3MUMiqMPmhZ3tTSXPqfyQ3vDl6R5hZdZ/kYojK4ofXtdfSv1tFq8XzWx3heNQ==

"@esbuild/linux-riscv64@0.28.2":
  version "0.28.2"
  resolved "https://registry.yarnpkg.com/@esbuild/linux-riscv64/-/linux-riscv64-0.28.2.tgz#3763b08fde5cf25ab1facb8e7752edfe45fbfc27"
  integrity sha512-GeXCej4IQtU1B+QlDV8W/RRvbzI3O/Stss+/bCXv4lZls5WGRtu2a+3JkA3i4qIUlMXpcHebWpF8AkJhATowuA==

"@esbuild/linux-s390x@0.28.2":
  version "0.28.2"
  resolved "https://registry.yarnpkg.com/@esbuild/linux-s390x/-/linux-s390x-0.28.2.tgz#1a137ff293a82906eb3176385bd7e8e0e5cfb7cb"
  integrity sha512-3H1weTYZPxt/WOhByszQZybS9w5lKzUn1FDMsgEChbHWQwHYQQRfBxgCcZvPhjHfKyJjIievvMmEUawJrdY9Dg==

"@esbuild/linux-x64@0.28.2":
  version "0.28.2"
  resolved "https://registry.yarnpkg.com/@esbuild/linux-x64/-/linux-x64-0.28.2.tgz#268b36211c146ca54f8fe12c578a8d6ef8979485"
  integrity sha512-4xTZr1FUmSoQW4XIWmit3tzQrUTZM+N3P0XV8xROKYF50XfI7xeO90+1bZvNwxIufQ9hDQVRJH5YhgPVF8A/HQ==

"@esbuild/netbsd-arm64@0.28.2":
  version "0.28.2"
  resolved "https://registry.yarnpkg.com/@esbuild/netbsd-arm64/-/netbsd-arm64-0.28.2.tgz#22571ad951d62bb6accc82d8d1fad5c8c1ac0ba1"
  integrity sha512-sSATRjPeDBg3pdgHoQfoYBob11Kk1FGa9lui5RIHZCoCkJa9QKlvl3/vKz2usCmYYjs7ymJR/2Nnsqe+Hjt5nw==

"@esbuild/netbsd-x64@0.28.2":
  version "0.28.2"
  resolved "https://registry.yarnpkg.com/@esbuild/netbsd-x64/-/netbsd-x64-0.28.2.tgz#42fcc57297eb0a0ca3f5fc475291f4c1a3f7c0de"
  integrity sha512-lqnzCV+mM0gIADaKihiCg6ifgfU2L3h5E33rNQBN1Y4MaVGnzryzmvvf7UHxprpQdE8hpqLolJ9Rl+SkIRDpyw==

"@esbuild/openbsd-arm64@0.28.2":
  version "0.28.2"
  resolved "https://registry.yarnpkg.com/@esbuild/openbsd-arm64/-/openbsd-arm64-0.28.2.tgz#9eb32af104ac3dacf4edca01f596664aab0c73ef"
  integrity sha512-AL2qJILH7lNjrDmCQDvdxMfAUIv8KMNZOvrwAQ8i8//ntL9FflhOyMJ8OZSMBb8/AWXe3/5v5S20y3zCoZWKoQ==

"@esbuild/openbsd-x64@0.28.2":
  version "0.28.2"
  resolved "https://registry.yarnpkg.com/@esbuild/openbsd-x64/-/openbsd-x64-0.28.2.tgz#febed2402d6088225e91f20fb4ce2522ad0a4efd"
  integrity sha512-QtiuPytchRyC4rwUKhexJdQKvDuZ6hWloi3igqPQNUJCS1/v9EiO3UTOXR6A3FoMo4fnAKbWJdqaIwhOzh8qEw==

"@esbuild/openharmony-arm64@0.28.2":
  version "0.28.2"
  resolved "https://registry.yarnpkg.com/@esbuild/openharmony-arm64/-/openharmony-arm64-0.28.2.tgz#85641c3d466428bfbccea5f21c26836663fef5ce"
  integrity sha512-WkhYDmpTjLvGlScA1rwjRUmhl4k8oXR3cIbtqWmELgU/dFeHHlEllxDvdWcNJV9rbzCexB5vz8gtNewWLgCT7Q==

"@esbuild/sunos-x64@0.28.2":
  version "0.28.2"
  resolved "https://registry.yarnpkg.com/@esbuild/sunos-x64/-/sunos-x64-0.28.2.tgz#a736f9d8962481045fc4c3e54f5479f22c870fb4"
  integrity sha512-GPMSkTOtMnv2U2F8gxe4Io6qmVs+YKyp832Etqqxr0hFngmXQ3rzwytelm3GIn7T4VviRUlf3sOgBOiTdvaf7g==

"@esbuild/win32-arm64@0.28.2":
  version "0.28.2"
  resolved "https://registry.yarnpkg.com/@esbuild/win32-arm64/-/win32-arm64-0.28.2.tgz#ee5ab40fad186201b652a33f8a5eb149e9e42532"
  integrity sha512-PIhhEkE9uPBleRBrQEJpUn7MBnibZzbGzYWPmY3x+YoVg/95zbjB4CxPPOQ8l5tYYM4mMaCthF8/1DIfBQQyWQ==

"@esbuild/win32-ia32@0.28.2":
  version "0.28.2"
  resolved "https://registry.yarnpkg.com/@esbuild/win32-ia32/-/win32-ia32-0.28.2.tgz#c40d28a6d99a127da6711f2afd74b11cb63b06a7"
  integrity sha512-YmJbfTlvU7Sdn9BB+4PRES4oB6pxgS37MAONj+hBr/cpXS1aBPKXxNnDbu+QCWPj0o9dgyxeq79g6c5P8KeuYA==

"@esbuild/win32-x64@0.28.2":
  version "0.28.2"
  resolved "https://registry.yarnpkg.com/@esbuild/win32-x64/-/win32-x64-0.28.2.tgz#b21affb804cc167c133d95f45b3a1dc1323b9a87"
  integrity sha512-5ebpxr3nWMzrL/rnUI755Jkuee0bHL/Gq0WTF9lvcpv73wAp5eu8MfBUgWK9bhWvZjj7yX8etf/8tI8Ney695g==

"@eslint-community/eslint-utils@^4.1.2":
  version "4.4.0"
  resolved "https://registry.yarnpkg.com/@eslint-community/eslint-utils/-/eslint-utils-4.4.0.tgz#a23514e8fb9af1269d5f7788aa556798d61c6b59"
  integrity sha512-1/sA4dwrzBAyeUoQ6oxahHKmrZvsnLCg4RfxW3ZFGGmQkSNQPFNLV9CUEFQP1x9EYXHTo5p6xdhZM1Ne9p/AfA==
  dependencies:
    eslint-visitor-keys "^3.3.0"

"@eslint-community/eslint-utils@^4.5.0":
  version "4.9.1"
  resolved "https://registry.yarnpkg.com/@eslint-community/eslint-utils/-/eslint-utils-4.9.1.tgz#4e90af67bc51ddee6cdef5284edf572ec376b595"
  integrity sha512-phrYmNiYppR7znFEdqgfWHXR6NCkZEK7hwWDHZUjit/2/U0r6XvkDl0SYnoM51Hq7FhCGdLDT6zxCCOY1hexsQ==
  dependencies:
    eslint-visitor-keys "^3.4.3"

"@eslint-community/regexpp@^4.11.0":
  version "4.11.0"
  resolved "https://registry.yarnpkg.com/@eslint-community/regexpp/-/regexpp-4.11.0.tgz#b0ffd0312b4a3fd2d6f77237e7248a5ad3a680ae"
  integrity sha512-G/M/tIiMrTAxEWRfLfQJMmGNX28IxBg4PBz8XqQhqUHLFI6TL2htpIB1iQCj144V5ee/JaKyT9/WZ0MGZWfA7A==

"@eslint/js@^10.0.1":
  version "10.0.1"
  resolved "https://registry.yarnpkg.com/@eslint/js/-/js-10.0.1.tgz#1e8a876f50117af8ab67e47d5ad94d38d6622583"
  integrity sha512-zeR9k5pd4gxjZ0abRoIaxdc7I3nDktoXZk2qOv9gCNWx3mVwEn32VRhyLaRsDiJjTs0xq/T8mfPtyuXu7GWBcA==

"@isaacs/fs-minipass@^4.0.0":
  version "4.0.1"
  resolved "https://registry.yarnpkg.com/@isaacs/fs-minipass/-/fs-minipass-4.0.1.tgz#2d59ae3ab4b38fb4270bfa23d30f8e2e86c7fe32"
  integrity sha512-wgm9Ehl2jpeqP3zw/7mo3kRHFp5MEDhqAdwy1fTGkHAwnkGOVsgpvQhL8B5n1qlb01jV3n/bI0ZfZp5lWA1k4w==
  dependencies:
    minipass "^7.0.4"

"@pkgr/core@^0.3.6":
  version "0.3.6"
  resolved "https://registry.yarnpkg.com/@pkgr/core/-/core-0.3.6.tgz#3569708bd4be4d8870ba32bf1c456dac81600d97"
  integrity sha512-SEeaJLb3qBNF/OaXnaR1NmmBbFYk1zC0ZH/52fATcRPLFg/p791YrcyFFy44Bo9sLaGuSuLp5Q6axbb/O+v/RA==

"@types/node@*":
  version "22.5.4"
  resolved "https://registry.yarnpkg.com/@types/node/-/node-22.5.4.tgz#83f7d1f65bc2ed223bdbf57c7884f1d5a4fa84e8"
  integrity sha512-FDuKUJQm/ju9fT/SeX/6+gBzoPzlVCzfzmGkwKvRHQVxi4BntVbyIwf6a4Xn62mrvndLiml6z/UBXIdEVjQLXg==
  dependencies:
    undici-types "~6.19.2"

"@types/pngjs@^6.0.1":
  version "6.0.5"
  resolved "https://registry.yarnpkg.com/@types/pngjs/-/pngjs-6.0.5.tgz#6dec2f7eb8284543ca4e423f3c09b119fa939ea3"
  integrity sha512-0k5eKfrA83JOZPppLtS2C7OUtyNAl2wKNxfyYl9Q5g9lPkgBl/9hNyAu6HuEH2J4XmIv2znEpkDd0SaZVxW6iQ==
  dependencies:
    "@types/node" "*"

chownr@^3.0.0:
  version "3.0.0"
  resolved "https://registry.yarnpkg.com/chownr/-/chownr-3.0.0.tgz#9855e64ecd240a9cc4267ce8a4aa5d24a1da15e4"
  integrity sha512-+IxzY9BZOQd/XuYPRmrvEVjF/nqj5kgT4kEq7VofrDoM1MxoRjEWkrCC3EtLi59TVawxTAn+orJwFQcrqEN1+g==

colord@^2.9.3:
  version "2.9.3"
  resolved "https://registry.yarnpkg.com/colord/-/colord-2.9.3.tgz#4f8ce919de456f1d5c1c368c307fe20f3e59fb43"
  integrity sha512-jeC1axXpnb0/2nn/Y1LPuLdgXBLH7aDcHu4KEKfqw3CUhX7ZpfBSlPKyqXE6btIgEzfWtrX3/tyBCaCvXvMkOw==

companion-module-utils@^0.5.0:
  version "0.5.0"
  resolved "https://registry.yarnpkg.com/companion-module-utils/-/companion-module-utils-0.5.0.tgz#ffc2a9b7b78eb09fec05d4595befdfc946de130f"
  integrity sha512-5bWcJ/ozTmD29Tq07fdd7ilq+kIUBsTmlGuE9BVraiBHXGFD3Fw7sE5VaVvim9LkYvtFuChpssgx5bO31BdezA==
  dependencies:
    "@types/pngjs" "^6.0.1"
    pngjs "^7.0.0"

enhanced-resolve@^5.17.1:
  version "5.17.1"
  resolved "https://registry.yarnpkg.com/enhanced-resolve/-/enhanced-resolve-5.17.1.tgz#67bfbbcc2f81d511be77d686a90267ef7f898a15"
  integrity sha512-LMHl3dXhTcfv8gM4kEzIUeTQ+7fpdA0l2tUf34BddXPkz2A5xJ5L/Pchd5BL6rdccM9QGvu0sWZzK1Z1t4wwyg==
  dependencies:
    graceful-fs "^4.2.4"
    tapable "^2.2.0"

esbuild@^0.28.1:
  version "0.28.2"
  resolved "https://registry.yarnpkg.com/esbuild/-/esbuild-0.28.2.tgz#0f43bd1bad955b72d24e2261e3abe5957ccf0816"
  integrity sha512-HKVLS8dvII+xoKW9kmqxbRKrnWEXfJJr/FZhhJmiqIB0e053QNYFqOBouTMO/k5sID4MvCiUCvv8b9M4h32wIA==
  optionalDependencies:
    "@esbuild/aix-ppc64" "0.28.2"
    "@esbuild/android-arm" "0.28.2"
    "@esbuild/android-arm64" "0.28.2"
    "@esbuild/android-x64" "0.28.2"
    "@esbuild/darwin-arm64" "0.28.2"
    "@esbuild/darwin-x64" "0.28.2"
    "@esbuild/freebsd-arm64" "0.28.2"
    "@esbuild/freebsd-x64" "0.28.2"
    "@esbuild/linux-arm" "0.28.2"
    "@esbuild/linux-arm64" "0.28.2"
    "@esbuild/linux-ia32" "0.28.2"
    "@esbuild/linux-loong64" "0.28.2"
    "@esbuild/linux-mips64el" "0.28.2"
    "@esbuild/linux-ppc64" "0.28.2"
    "@esbuild/linux-riscv64" "0.28.2"
    "@esbuild/linux-s390x" "0.28.2"
    "@esbuild/linux-x64" "0.28.2"
    "@esbuild/netbsd-arm64" "0.28.2"
    "@esbuild/netbsd-x64" "0.28.2"
    "@esbuild/openbsd-arm64" "0.28.2"
    "@esbuild/openbsd-x64" "0.28.2"
    "@esbuild/openharmony-arm64" "0.28.2"
    "@esbuild/sunos-x64" "0.28.2"
    "@esbuild/win32-arm64" "0.28.2"
    "@esbuild/win32-ia32" "0.28.2"
    "@esbuild/win32-x64" "0.28.2"

eslint-compat-utils@^0.5.1:
  version "0.5.1"
  resolved "https://registry.yarnpkg.com/eslint-compat-utils/-/eslint-compat-utils-0.5.1.tgz#7fc92b776d185a70c4070d03fd26fde3d59652e4"
  integrity sha512-3z3vFexKIEnjHE3zCMRo6fn/e44U7T1khUjg+Hp0ZQMCigh28rALD0nPFBcGZuiLC5rLZa2ubQHDRln09JfU2Q==
  dependencies:
    semver "^7.5.4"

eslint-config-prettier@^10.1.8:
  version "10.1.8"
  resolved "https://registry.yarnpkg.com/eslint-config-prettier/-/eslint-config-prettier-10.1.8.tgz#15734ce4af8c2778cc32f0b01b37b0b5cd1ecb97"
  integrity sha512-82GZUjRS0p/jganf6q1rEO25VSoHH0hKPCTrgillPjdI/3bgBhAE1QzHrHTizjpRvy6pGAvKjDJtk2pF9NDq8w==

eslint-plugin-es-x@^7.8.0:
  version "7.8.0"
  resolved "https://registry.yarnpkg.com/eslint-plugin-es-x/-/eslint-plugin-es-x-7.8.0.tgz#a207aa08da37a7923f2a9599e6d3eb73f3f92b74"
  integrity sha512-7Ds8+wAAoV3T+LAKeu39Y5BzXCrGKrcISfgKEqTS4BDN8SFEDQd0S43jiQ8vIa3wUKD07qitZdfzlenSi8/0qQ==
  dependencies:
    "@eslint-community/eslint-utils" "^4.1.2"
    "@eslint-community/regexpp" "^4.11.0"
    eslint-compat-utils "^0.5.1"

eslint-plugin-n@^18.1.0:
  version "18.3.0"
  resolved "https://registry.yarnpkg.com/eslint-plugin-n/-/eslint-plugin-n-18.3.0.tgz#c6dbf33e930eb7fef6b0d715a3938114dd0930f6"
  integrity sha512-cPVguuDe6DrIPb/qUXHf8P89MaVTUmiYWwpt5gX5AILsvRIiZAxMFXcFR6QHYBksqKJpjfUBlL/RleCJUWcD7w==
  dependencies:
    "@eslint-community/eslint-utils" "^4.5.0"
    enhanced-resolve "^5.17.1"
    eslint-plugin-es-x "^7.8.0"
    get-tsconfig "^4.8.1"
    globals "^15.11.0"
    globrex "^0.1.2"
    ignore "^5.3.2"
    semver "^7.6.3"

eslint-plugin-prettier@^5.5.6:
  version "5.5.6"
  resolved "https://registry.yarnpkg.com/eslint-plugin-prettier/-/eslint-plugin-prettier-5.5.6.tgz#363ebe4d769bce157ccdd8129ce3efd91dc62564"
  integrity sha512-ifetmTcxWfz+4qRW3pH/ujdTq2jQIj59AxJMIN26K5avYgU8dxycUETQonWiW+wPrYXA0j3Try0l1CnwVQtDqQ==
  dependencies:
    prettier-linter-helpers "^1.0.1"
    synckit "^0.11.13"

eslint-visitor-keys@^3.3.0, eslint-visitor-keys@^3.4.3:
  version "3.4.3"
  resolved "https://registry.yarnpkg.com/eslint-visitor-keys/-/eslint-visitor-keys-3.4.3.tgz#0cd72fe8550e3c2eae156a96a4dddcd1c8ac5800"
  integrity sha512-wpc+LXeiyiisxPlEkUzU6svyS1frIO3Mgxj1fdy7Pm8Ygzguax2N3Fa/D/ag1WqbOprdI+uY6wMUl8/a2G+iag==

fast-diff@^1.1.2:
  version "1.3.0"
  resolved "https://registry.yarnpkg.com/fast-diff/-/fast-diff-1.3.0.tgz#ece407fa550a64d638536cd727e129c61616e0f0"
  integrity sha512-VxPP4NqbUjj6MaAOafWeUn2cXWLcCtljklUtZf0Ind4XQ+QPtmA0b18zZy0jIQx+ExRVCR/ZQpBmik5lXshNsw==

find-up@^8.0.0:
  version "8.0.0"
  resolved "https://registry.yarnpkg.com/find-up/-/find-up-8.0.0.tgz#9e4663f9605eeb615edd7399f376a01b1de312fe"
  integrity sha512-JGG8pvDi2C+JxidYdIwQDyS/CgcrIdh18cvgxcBge3wSHRQOrooMD3GlFBcmMJAN9M42SAZjDp5zv1dglJjwww==
  dependencies:
    locate-path "^8.0.0"
    unicorn-magic "^0.3.0"

get-tsconfig@^4.8.1:
  version "4.9.0"
  resolved "https://registry.yarnpkg.com/get-tsconfig/-/get-tsconfig-4.9.0.tgz#704ae2ce2a94935921675dd19c05508b713a405d"
  integrity sha512-52n24W52sIueosRe0XZ8Ex5Yle+WbhfCKnV/gWXpbVR8FXNTfqdKEKUSypKso66VRHTvvcQxL44UTZbJRlCTnw==
  dependencies:
    resolve-pkg-maps "^1.0.0"

globals@^15.11.0:
  version "15.14.0"
  resolved "https://registry.yarnpkg.com/globals/-/globals-15.14.0.tgz#b8fd3a8941ff3b4d38f3319d433b61bbb482e73f"
  integrity sha512-OkToC372DtlQeje9/zHIo5CT8lRP/FUgEOKBEhU4e0abL7J7CD24fD9ohiLN5hagG/kWCYj4K5oaxxtj2Z0Dig==

globrex@^0.1.2:
  version "0.1.2"
  resolved "https://registry.yarnpkg.com/globrex/-/globrex-0.1.2.tgz#dd5d9ec826232730cd6793a5e33a9302985e6098"
  integrity sha512-uHJgbwAMwNFf5mLst7IWLNg14x1CkeqglJb/K3doi4dw6q2IvAAmM/Y81kevy83wP+Sst+nutFTYOGg3d1lsxg==

graceful-fs@^4.2.4:
  version "4.2.11"
  resolved "https://registry.yarnpkg.com/graceful-fs/-/graceful-fs-4.2.11.tgz#4183e4e8bf08bb6e05bbb2f7d2e0c8f712ca40e3"
  integrity sha512-RbJ5/jmFcNNCcDV5o9eTnBLJ/HszWV0P73bc+Ff4nS/rJj+YaS6IGyiOL0VoBYX+l1Wrl3k63h/KrH+nhJ0XvQ==

husky@^9.1.7:
  version "9.1.7"
  resolved "https://registry.yarnpkg.com/husky/-/husky-9.1.7.tgz#d46a38035d101b46a70456a850ff4201344c0b2d"
  integrity sha512-5gs5ytaNjBrh5Ow3zrvdUUY+0VxIuWVL4i9irt6friV+BqdCfmV11CQTWMiBYWHbXhco+J1kHfTOUkePhCDvMA==

ignore@^5.3.2:
  version "5.3.2"
  resolved "https://registry.yarnpkg.com/ignore/-/ignore-5.3.2.tgz#3cd40e729f3643fd87cb04e50bf0eb722bc596f5"
  integrity sha512-hsBTNUqQTDwkWtcdYI2i06Y/nUBEsNEDJKjWdigLvegy8kDuJAS8uRlpkkcQpyEXL0Z/pjDy5HBmMjRCJ2gq+g==

locate-path@^8.0.0:
  version "8.0.0"
  resolved "https://registry.yarnpkg.com/locate-path/-/locate-path-8.0.0.tgz#4f0cca3d0d84b02b6f534a73331c83437bf14141"
  integrity sha512-XT9ewWAC43tiAV7xDAPflMkG0qOPn2QjHqlgX8FOqmWa/rxnyYDulF9T0F7tRy1u+TVTmK/M//6VIOye+2zDXg==
  dependencies:
    p-locate "^6.0.0"

minipass@^7.0.4, minipass@^7.1.2:
  version "7.1.2"
  resolved "https://registry.yarnpkg.com/minipass/-/minipass-7.1.2.tgz#93a9626ce5e5e66bd4db86849e7515e92340a707"
  integrity sha512-qOOzS1cBTWYF4BH8fVePDBOO9iptMnGUEZwNc/cMWnTV2nVLZ7VoNWEPHkYczZA0pdoA7dl6e7FL659nX9S2aw==

minizlib@^3.1.0:
  version "3.1.0"
  resolved "https://registry.yarnpkg.com/minizlib/-/minizlib-3.1.0.tgz#6ad76c3a8f10227c9b51d1c9ac8e30b27f5a251c"
  integrity sha512-KZxYo1BUkWD2TVFLr0MQoM8vUUigWD3LlD83a/75BqC+4qE0Hb1Vo5v1FgcfaNXvfXzr+5EhQ6ing/CaBijTlw==
  dependencies:
    minipass "^7.1.2"

p-limit@^4.0.0:
  version "4.0.0"
  resolved "https://registry.yarnpkg.com/p-limit/-/p-limit-4.0.0.tgz#914af6544ed32bfa54670b061cafcbd04984b644"
  integrity sha512-5b0R4txpzjPWVw/cXXUResoD4hb6U/x9BH08L7nw+GN1sezDzPdxeRvpc9c433fZhBan/wusjbCsqwqm4EIBIQ==
  dependencies:
    yocto-queue "^1.0.0"

p-locate@^6.0.0:
  version "6.0.0"
  resolved "https://registry.yarnpkg.com/p-locate/-/p-locate-6.0.0.tgz#3da9a49d4934b901089dca3302fa65dc5a05c04f"
  integrity sha512-wPrq66Llhl7/4AGC6I+cqxT07LhXvWL08LNXz1fENOw0Ap4sRZZ/gZpTTJ5jpurzzzfS2W/Ge9BY3LgLjCShcw==
  dependencies:
    p-limit "^4.0.0"

pngjs@^7.0.0:
  version "7.0.0"
  resolved "https://registry.yarnpkg.com/pngjs/-/pngjs-7.0.0.tgz#a8b7446020ebbc6ac739db6c5415a65d17090e26"
  integrity sha512-LKWqWJRhstyYo9pGvgor/ivk2w94eSjE3RGVuzLGlr3NmD8bf7RcYGze1mNdEHRP6TRP6rMuDHk5t44hnTRyow==

prettier-linter-helpers@^1.0.1:
  version "1.0.1"
  resolved "https://registry.yarnpkg.com/prettier-linter-helpers/-/prettier-linter-helpers-1.0.1.tgz#6a31f88a4bad6c7adda253de12ba4edaea80ebcd"
  integrity sha512-SxToR7P8Y2lWmv/kTzVLC1t/GDI2WGjMwNhLLE9qtH8Q13C+aEmuRlzDst4Up4s0Wc8sF2M+J57iB3cMLqftfg==
  dependencies:
    fast-diff "^1.1.2"

resolve-pkg-maps@^1.0.0:
  version "1.0.0"
  resolved "https://registry.yarnpkg.com/resolve-pkg-maps/-/resolve-pkg-maps-1.0.0.tgz#616b3dc2c57056b5588c31cdf4b3d64db133720f"
  integrity sha512-seS2Tj26TBVOC2NIc2rOe2y2ZO7efxITtLZcGSOnHHNOQ7CkiUBfw0Iw2ck6xkIhPwLhKNLS8BO+hEpngQlqzw==

semver@^7.5.4, semver@^7.6.3:
  version "7.6.3"
  resolved "https://registry.yarnpkg.com/semver/-/semver-7.6.3.tgz#980f7b5550bc175fb4dc09403085627f9eb33143"
  integrity sha512-oVekP1cKtI+CTDvHWYFUcMtsK/00wmAEfyqKfNdARm8u1wNVhSgaX7A8d4UuIlUI5e84iEwOhs7ZPYRmzU9U6A==

semver@^7.8.4:
  version "7.8.5"
  resolved "https://registry.yarnpkg.com/semver/-/semver-7.8.5.tgz#39b646037dd50c14fb451e7e4cac58ed8b863f69"
  integrity sha512-Y7/KDsb8LjooZpwaqGyulO6DQlksgCncchHGk+sZIY4SBvUocMBEFH5Ur1fI4dV+Jvl0w6cjvucaIi40puRioA==

synckit@^0.11.13:
  version "0.11.13"
  resolved "https://registry.yarnpkg.com/synckit/-/synckit-0.11.13.tgz#062a5ea57d81befc35892f8254de5c567e97c80a"
  integrity sha512-eNRKgb3z66Yp3D2CixVujOUvXLFUTij/zVnV8KRyvFdQwpz7I5DS8UfRkTeLzb64u+dkzDSdelE24izu+zSSUg==
  dependencies:
    "@pkgr/core" "^0.3.6"

tapable@^2.2.0:
  version "2.2.1"
  resolved "https://registry.yarnpkg.com/tapable/-/tapable-2.2.1.tgz#1967a73ef4060a82f12ab96af86d52fdb76eeca0"
  integrity sha512-GNzQvQTOIP6RyTfE2Qxb8ZVlNmw0n88vp1szwWRimP02mnTsx3Wtn5qRdqY9w2XduFNUgvOwhNnQsjwCp+kqaQ==

tar@^7.5.16:
  version "7.5.22"
  resolved "https://registry.yarnpkg.com/tar/-/tar-7.5.22.tgz#a696f998136e71487dc3f869a85bba2c67971ba9"
  integrity sha512-MFO/QzvtAOmJbkhOaCTvbGcFN9L9b+JunIsDwaKljSOdcLMea3NJ1k9Usz/rjdfSXTq4dfzfeS7W4p4YOAAHeA==
  dependencies:
    "@isaacs/fs-minipass" "^4.0.0"
    chownr "^3.0.0"
    minipass "^7.1.2"
    minizlib "^3.1.0"
    yallist "^5.0.0"

undici-types@~6.19.2:
  version "6.19.8"
  resolved "https://registry.yarnpkg.com/undici-types/-/undici-types-6.19.8.tgz#35111c9d1437ab83a7cdc0abae2f26d88eda0a02"
  integrity sha512-ve2KP6f/JnbPBFyobGHuerC9g1FYGn/F8n1LWTwNxCEzd6IfqTwUQcNXgEtmmQ6DlRrC1hrSrBnCZPokRrDHjw==

unicorn-magic@^0.3.0:
  version "0.3.0"
  resolved "https://registry.yarnpkg.com/unicorn-magic/-/unicorn-magic-0.3.0.tgz#4efd45c85a69e0dd576d25532fbfa22aa5c8a104"
  integrity sha512-+QBBXBCvifc56fsbuxZQ6Sic3wqqc3WWaqxs58gvJrcOuN83HGTCwz3oS5phzU9LthRNE9VrJCFCLUgHeeFnfA==

yallist@^5.0.0:
  version "5.0.0"
  resolved "https://registry.yarnpkg.com/yallist/-/yallist-5.0.0.tgz#00e2de443639ed0d78fd87de0d27469fbcffb533"
  integrity sha512-YgvUTfwqyc7UXVMrB+SImsVYSmTS8X/tSrtdNZMImM+n7+QTriRXyXim0mBrTXNeqzVF0KWGgHPeiyViFFrNDw==

yocto-queue@^1.0.0:
  version "1.1.1"
  resolved "https://registry.yarnpkg.com/yocto-queue/-/yocto-queue-1.1.1.tgz#fef65ce3ac9f8a32ceac5a634f74e17e5b232110"
  integrity sha512-b4JR1PFR10y1mKjhHY9LaGo6tmrgjit7hxVIeAmyMw3jegXR4dhYqLaQF5zMXZxY7tLpMyJeLjr1C4rLmkVe8g==

zx@^8.8.5:
  version "8.8.5"
  resolved "https://registry.yarnpkg.com/zx/-/zx-8.8.5.tgz#d092d8c0017aa7c5a276fda88ff19e4b1d91cc64"
  integrity sha512-SNgDF5L0gfN7FwVOdEFguY3orU5AkfFZm9B5YSHog/UDHv+lvmd82ZAsOenOkQixigwH2+yyH198AwNdKhj+RA==
